
Microsoft Visual Studio Solution File, Format Version 12.00
# Visual Studio 15
VisualStudioVersion = 15.0.26127.3
MinimumVisualStudioVersion = 10.0.40219.1
Project("{FAE04EC0-301F-11D3-BF4B-00C04F79EFBC}") = "BorealisServerManager", "BSM\BorealisServerManager.csproj", "{D85A7383-5984-4CFD-85DA-BD44836E26F7}"
EndProject
Project("{FAE04EC0-301F-11D3-BF4B-00C04F79EFBC}") = "WEB_UI", "WEB_UI\WEB_UI.csproj", "{627E49B9-5DC3-44DA-8728-21B0D49494E3}"
	ProjectSection(ProjectDependencies) = postProject
		{1FEB90B1-129F-4DC1-9AD7-96EB388D9B5C} = {1FEB90B1-129F-4DC1-9AD7-96EB388D9B5C}
	EndProjectSection
EndProject
Project("{FAE04EC0-301F-11D3-BF4B-00C04F79EFBC}") = "WEB_UI_SERVER", "WEBUI_SERVER\WEB_UI_SERVER.csproj", "{1FEB90B1-129F-4DC1-9AD7-96EB388D9B5C}"
EndProject
Global
	GlobalSection(SolutionConfigurationPlatforms) = preSolution
		Debug|Any CPU = Debug|Any CPU
		Debug|x64 = Debug|x64
		Debug|x86 = Debug|x86
		Release|Any CPU = Release|Any CPU
		Release|x64 = Release|x64
		Release|x86 = Release|x86
	EndGlobalSection
	GlobalSection(ProjectConfigurationPlatforms) = postSolution
		{D85A7383-5984-4CFD-85DA-BD44836E26F7}.Debug|Any CPU.ActiveCfg = Debug|Any CPU
		{D85A7383-5984-4CFD-85DA-BD44836E26F7}.Debug|Any CPU.Build.0 = Debug|Any CPU
		{D85A7383-5984-4CFD-85DA-BD44836E26F7}.Debug|x64.ActiveCfg = Debug|Any CPU
		{D85A7383-5984-4CFD-85DA-BD44836E26F7}.Debug|x64.Build.0 = Debug|Any CPU
		{D85A7383-5984-4CFD-85DA-BD44836E26F7}.Debug|x86.ActiveCfg = Debug|Any CPU
		{D85A7383-5984-4CFD-85DA-BD44836E26F7}.Debug|x86.Build.0 = Debug|Any CPU
		{D85A7383-5984-4CFD-85DA-BD44836E26F7}.Release|Any CPU.ActiveCfg = Release|Any CPU
		{D85A7383-5984-4CFD-85DA-BD44836E26F7}.Release|Any CPU.Build.0 = Release|Any CPU
		{D85A7383-5984-4CFD-85DA-BD44836E26F7}.Release|x64.ActiveCfg = Release|Any CPU
		{D85A7383-5984-4CFD-85DA-BD44836E26F7}.Release|x64.Build.0 = Release|Any CPU
		{D85A7383-5984-4CFD-85DA-BD44836E26F7}.Release|x86.ActiveCfg = Release|Any CPU
		{D85A7383-5984-4CFD-85DA-BD44836E26F7}.Release|x86.Build.0 = Release|Any CPU
		{627E49B9-5DC3-44DA-8728-21B0D49494E3}.Debug|Any CPU.ActiveCfg = Debug|Any CPU
		{627E49B9-5DC3-44DA-8728-21B0D49494E3}.Debug|Any CPU.Build.0 = Debug|Any CPU
		{627E49B9-5DC3-44DA-8728-21B0D49494E3}.Debug|x64.ActiveCfg = Debug|Any CPU
		{627E49B9-5DC3-44DA-8728-21B0D49494E3}.Debug|x64.Build.0 = Debug|Any CPU
		{627E49B9-5DC3-44DA-8728-21B0D49494E3}.Debug|x86.ActiveCfg = Debug|Any CPU
		{627E49B9-5DC3-44DA-8728-21B0D49494E3}.Debug|x86.Build.0 = Debug|Any CPU
		{627E49B9-5DC3-44DA-8728-21B0D49494E3}.Release|Any CPU.ActiveCfg = Release|Any CPU
		{627E49B9-5DC3-44DA-8728-21B0D49494E3}.Release|Any CPU.Build.0 = Release|Any CPU
		{627E49B9-5DC3-44DA-8728-21B0D49494E3}.Release|x64.ActiveCfg = Release|Any CPU
		{627E49B9-5DC3-44DA-8728-21B0D49494E3}.Release|x64.Build.0 = Release|Any CPU
		{627E49B9-5DC3-44DA-8728-21B0D49494E3}.Release|x86.ActiveCfg = Release|Any CPU
		{627E49B9-5DC3-44DA-8728-21B0D49494E3}.Release|x86.Build.0 = Release|Any CPU
		{1FEB90B1-129F-4DC1-9AD7-96EB388D9B5C}.Debug|Any CPU.ActiveCfg = Debug|Any CPU
		{1FEB90B1-129F-4DC1-9AD7-96EB388D9B5C}.Debug|Any CPU.Build.0 = Debug|Any CPU
		{1FEB90B1-129F-4DC1-9AD7-96EB388D9B5C}.Debug|x64.ActiveCfg = Debug|Any CPU
		{1FEB90B1-129F-4DC1-9AD7-96EB388D9B5C}.Debug|x64.Build.0 = Debug|Any CPU
		{1FEB90B1-129F-4DC1-9AD7-96EB388D9B5C}.Debug|x86.ActiveCfg = Debug|Any CPU
		{1FEB90B1-129F-4DC1-9AD7-96EB388D9B5C}.Debug|x86.Build.0 = Debug|Any CPU
		{1FEB90B1-129F-4DC1-9AD7-96EB388D9B5C}.Release|Any CPU.ActiveCfg = Release|Any CPU
		{1FEB90B1-129F-4DC1-9AD7-96EB388D9B5C}.Release|Any CPU.Build.0 = Release|Any CPU
		{1FEB90B1-129F-4DC1-9AD7-96EB388D9B5C}.Release|x64.ActiveCfg = Release|Any CPU
		{1FEB90B1-129F-4DC1-9AD7-96EB388D9B5C}.Release|x64.Build.0 = Release|Any CPU
		{1FEB90B1-129F-4DC1-9AD7-96EB388D9B5C}.Release|x86.ActiveCfg = Release|Any CPU
		{1FEB90B1-129F-4DC1-9AD7-96EB388D9B5C}.Release|x86.Build.0 = Release|Any CPU
	EndGlobalSection
	GlobalSection(SolutionProperties) = preSolution
		HideSolutionNode = FALSE
	EndGlobalSection
EndGlobal
